PODS:
  - background_fetch (1.0.1):
    - Flutter
  - CocoaLumberjack (3.7.2):
    - CocoaLumberjack/Core (= 3.7.2)
  - CocoaLumberjack/Core (3.7.2)
  - device_info (0.0.1):
    - Flutter
  - ext_storage (0.0.1):
    - Flutter
  - Flutter (1.0.0)
  - flutter_background_geolocation (4.3.0):
    - CocoaLumberjack (~> 3.7.2)
    - Flutter
  - flutter_background_service (0.0.1):
    - Flutter
  - FMDB (2.7.5):
    - FMDB/standard (= 2.7.5)
  - FMDB/standard (2.7.5)
  - geolocator_apple (1.2.0):
    - Flutter
  - image_cropper (0.0.4):
    - Flutter
    - TOCropViewController (~> 2.6.0)
  - image_downloader (0.0.1):
    - Flutter
  - image_gallery_saver (1.5.0):
    - Flutter
  - image_picker (0.0.1):
    - Flutter
  - path_provider (0.0.1):
    - Flutter
  - "permission_handler (5.1.0+2)":
    - Flutter
  - shared_preferences (0.0.1):
    - Flutter
  - sqflite (0.0.2):
    - Flutter
    - FMDB (>= 2.7.5)
  - TOCropViewController (2.6.0)
  - vibration (1.7.4-nullsafety.0):
    - Flutter

DEPENDENCIES:
  - background_fetch (from `.symlinks/plugins/background_fetch/ios`)
  - device_info (from `.symlinks/plugins/device_info/ios`)
  - ext_storage (from `.symlinks/plugins/ext_storage/ios`)
  - Flutter (from `Flutter`)
  - flutter_background_geolocation (from `.symlinks/plugins/flutter_background_geolocation/ios`)
  - flutter_background_service (from `.symlinks/plugins/flutter_background_service/ios`)
  - geolocator_apple (from `.symlinks/plugins/geolocator_apple/ios`)
  - image_cropper (from `.symlinks/plugins/image_cropper/ios`)
  - image_downloader (from `.symlinks/plugins/image_downloader/ios`)
  - image_gallery_saver (from `.symlinks/plugins/image_gallery_saver/ios`)
  - image_picker (from `.symlinks/plugins/image_picker/ios`)
  - path_provider (from `.symlinks/plugins/path_provider/ios`)
  - permission_handler (from `.symlinks/plugins/permission_handler/ios`)
  - shared_preferences (from `.symlinks/plugins/shared_preferences/ios`)
  - sqflite (from `.symlinks/plugins/sqflite/ios`)
  - vibration (from `.symlinks/plugins/vibration/ios`)

SPEC REPOS:
  trunk:
    - CocoaLumberjack
    - FMDB
    - TOCropViewController

EXTERNAL SOURCES:
  background_fetch:
    :path: ".symlinks/plugins/background_fetch/ios"
  device_info:
    :path: ".symlinks/plugins/device_info/ios"
  ext_storage:
    :path: ".symlinks/plugins/ext_storage/ios"
  Flutter:
    :path: Flutter
  flutter_background_geolocation:
    :path: ".symlinks/plugins/flutter_background_geolocation/ios"
  flutter_background_service:
    :path: ".symlinks/plugins/flutter_background_service/ios"
  geolocator_apple:
    :path: ".symlinks/plugins/geolocator_apple/ios"
  image_cropper:
    :path: ".symlinks/plugins/image_cropper/ios"
  image_downloader:
    :path: ".symlinks/plugins/image_downloader/ios"
  image_gallery_saver:
    :path: ".symlinks/plugins/image_gallery_saver/ios"
  image_picker:
    :path: ".symlinks/plugins/image_picker/ios"
  path_provider:
    :path: ".symlinks/plugins/path_provider/ios"
  permission_handler:
    :path: ".symlinks/plugins/permission_handler/ios"
  shared_preferences:
    :path: ".symlinks/plugins/shared_preferences/ios"
  sqflite:
    :path: ".symlinks/plugins/sqflite/ios"
  vibration:
    :path: ".symlinks/plugins/vibration/ios"

SPEC CHECKSUMS:
  background_fetch: 2edffc19a5a465c47f073efa35db57f7910738fa
  CocoaLumberjack: b7e05132ff94f6ae4dfa9d5bce9141893a21d9da
  device_info: d7d233b645a32c40dfdc212de5cf646ca482f175
  ext_storage: 4eaf3a84d5594106e2ebcc2502248cfde53c8fa1
  Flutter: 434fef37c0980e73bb6479ef766c45957d4b510c
  flutter_background_geolocation: 8849d07cd4330c670c5c7d038ec39887f897bef9
  flutter_background_service: a4644870cc76287aaa6147b47107e52680b79c90
  FMDB: 2ce00b547f966261cd18927a3ddb07cb6f3db82a
  geolocator_apple: b741765c55dc21950e3e106e8b3584e55cf81ce5
  image_cropper: f1668dd8d2cad2d357955caad15a40547856edcb
  image_downloader: 73e190d6c9f286f2649554051348d9cb319cd4b3
  image_gallery_saver: 259eab68fb271cfd57d599904f7acdc7832e7ef2
  image_picker: e06f7a68f000bd36f552c1847e33cda96ed31f1f
  path_provider: abfe2b5c733d04e238b0d8691db0cfd63a27a93c
  permission_handler: ccb20a9fad0ee9b1314a52b70b76b473c5f8dab0
  shared_preferences: af6bfa751691cdc24be3045c43ec037377ada40d
  sqflite: 6d358c025f5b867b29ed92fc697fd34924e11904
  TOCropViewController: 3105367e808b7d3d886a74ff59bf4804e7d3ab38
  vibration: 1ec279c4a1a7a646627b54039d812334b3f1114a

PODFILE CHECKSUM: ed5d4dab95e81d30fd869ef2cc6af15be59c9bfa

COCOAPODS: 1.10.0
